{
  "name": "onyxtattoo",
  "version": "1.0.0",
  "lockfileVersion": 3,
  "requires": true,
  "packages": {
    "": {"name":"onyxtattoo","version":"1.0.0","dependencies":{"@prisma/client":"^6.16.2","next":"^15.5.4","react":"^19.1.1","react-dom":"^19.1.1","zod":"^4.1.5"},"devDependencies":{"@types/node":"^22.18.6","@types/react":"^19.1.13","@types/react-dom":"^19.1.9","prisma":"^6.16.2","typescript":"^5.9.2"},"engines":{"node":"20.x","npm":">=10"}},
    "node_modules/next": {"version":"15.5.4","resolved":"https://registry.npmjs.org/next/-/next-15.5.4.tgz","integrity":"sha512-placeholder","dependencies":{"@next/env":"15.5.4","@swc/helpers":"0.5.15","caniuse-lite":"^1.0.30001742","postcss":"8.4.31","react-server-dom-webpack":"19.1.0"},"engines":{"node":"^18.18.0 || ^19.8.0 || >= 20.0.0"}},
    "node_modules/react": {"version":"19.1.1","resolved":"https://registry.npmjs.org/react/-/react-19.1.1.tgz","integrity":"sha512-placeholder","engines":{"node":">=0.10.0"}},
    "node_modules/react-dom": {"version":"19.1.1","resolved":"https://registry.npmjs.org/react-dom/-/react-dom-19.1.1.tgz","integrity":"sha512-placeholder","dependencies":{"scheduler":"^0.26.0"},"peerDependencies":{"react":"^19.1.1"}},
    "node_modules/@prisma/client": {"version":"6.16.2","resolved":"https://registry.npmjs.org/@prisma/client/-/client-6.16.2.tgz","integrity":"sha512-placeholder","engines":{"node":">=18.18"}},
    "node_modules/prisma": {"version":"6.16.2","resolved":"https://registry.npmjs.org/prisma/-/prisma-6.16.2.tgz","integrity":"sha512-placeholder","hasInstallScript":true,"dependencies":{"@prisma/config":"6.16.2","@prisma/engines":"6.16.2","@prisma/get-platform":"6.16.2"},"bin":{"prisma":"build/index.js"},"engines":{"node":">=18.18"}},
    "node_modules/zod": {"version":"4.1.5","resolved":"https://registry.npmjs.org/zod/-/zod-4.1.5.tgz","integrity":"sha512-placeholder","engines":{"node":">=16"}},
    "node_modules/typescript": {"version":"5.9.2","resolved":"https://registry.npmjs.org/typescript/-/typescript-5.9.2.tgz","integrity":"sha512-placeholder","bin":{"tsc":"bin/tsc","tsserver":"bin/tsserver"},"engines":{"node":">=14.17"}},
    "node_modules/@types/node": {"version":"22.18.6","resolved":"https://registry.npmjs.org/@types/node/-/node-22.18.6.tgz","integrity":"sha512-placeholder"},
    "node_modules/@types/react": {"version":"19.1.13","resolved":"https://registry.npmjs.org/@types/react/-/react-19.1.13.tgz","integrity":"sha512-placeholder"},
    "node_modules/@types/react-dom": {"version":"19.1.9","resolved":"https://registry.npmjs.org/@types/react-dom/-/react-dom-19.1.9.tgz","integrity":"sha512-placeholder"}
  }
}
